
Microsoft Visual Studio Solution File, Format Version 12.00
# Visual Studio Version 16
VisualStudioVersion = 16.0.30204.135
MinimumVisualStudioVersion = 10.0.40219.1
Project("{FAE04EC0-301F-11D3-BF4B-00C04F79EFBC}") = "DemoWebProject", "DemoWebProject\DemoWebProject.csproj", "{D7BF9B69-D3AF-4DD9-89D1-CDA86F73EC99}"
EndProject
Global
	GlobalSection(SolutionConfigurationPlatforms) = preSolution
		Debug|Any CPU = Debug|Any CPU
		Release|Any CPU = Release|Any CPU
	EndGlobalSection
	GlobalSection(ProjectConfigurationPlatforms) = postSolution
		{D7BF9B69-D3AF-4DD9-89D1-CDA86F73EC99}.Debug|Any CPU.ActiveCfg = Debug|Any CPU
		{D7BF9B69-D3AF-4DD9-89D1-CDA86F73EC99}.Debug|Any CPU.Build.0 = Debug|Any CPU
		{D7BF9B69-D3AF-4DD9-89D1-CDA86F73EC99}.Release|Any CPU.ActiveCfg = Release|Any CPU
		{D7BF9B69-D3AF-4DD9-89D1-CDA86F73EC99}.Release|Any CPU.Build.0 = Release|Any CPU
	EndGlobalSection
	GlobalSection(SolutionProperties) = preSolution
		HideSolutionNode = FALSE
	EndGlobalSection
	GlobalSection(ExtensibilityGlobals) = postSolution
		SolutionGuid = {2C67DBE0-18D4-4265-975D-E8505FA8060B}
	EndGlobalSection
EndGlobal
